
Microsoft Visual Studio Solution File, Format Version 12.00
# Visual Studio Version 16
VisualStudioVersion = 16.0.31501.217
MinimumVisualStudioVersion = 10.0.40219.1
Project("{FAE04EC0-301F-11D3-BF4B-00C04F79EFBC}") = "Park_API_02", "Park_API_02\Park_API_02.csproj", "{0B181D1B-CE04-44F1-B4B9-52422CF1BD07}"
EndProject
Global
	GlobalSection(SolutionConfigurationPlatforms) = preSolution
		Debug|Any CPU = Debug|Any CPU
		Release|Any CPU = Release|Any CPU
	EndGlobalSection
	GlobalSection(ProjectConfigurationPlatforms) = postSolution
		{0B181D1B-CE04-44F1-B4B9-52422CF1BD07}.Debug|Any CPU.ActiveCfg = Debug|Any CPU
		{0B181D1B-CE04-44F1-B4B9-52422CF1BD07}.Debug|Any CPU.Build.0 = Debug|Any CPU
		{0B181D1B-CE04-44F1-B4B9-52422CF1BD07}.Release|Any CPU.ActiveCfg = Release|Any CPU
		{0B181D1B-CE04-44F1-B4B9-52422CF1BD07}.Release|Any CPU.Build.0 = Release|Any CPU
	EndGlobalSection
	GlobalSection(SolutionProperties) = preSolution
		HideSolutionNode = FALSE
	EndGlobalSection
	GlobalSection(ExtensibilityGlobals) = postSolution
		SolutionGuid = {14C7C720-28A9-48C6-932E-2FF929142A88}
	EndGlobalSection
EndGlobal
